
Microsoft Visual Studio Solution File, Format Version 12.00
# Visual Studio Version 17
VisualStudioVersion = 17.3.32811.315
MinimumVisualStudioVersion = 10.0.40219.1
Project("{FAE04EC0-301F-11D3-BF4B-00C04F79EFBC}") = "dotnet5", "dotnet5\dotnet5.csproj", "{253F871B-6489-4423-A487-F334DC31D78A}"
EndProject
Project("{FAE04EC0-301F-11D3-BF4B-00C04F79EFBC}") = "Models", "Models\Models.csproj", "{2F20CF35-5E0C-47F1-88B3-23E9902768EC}"
EndProject
Global
	GlobalSection(SolutionConfigurationPlatforms) = preSolution
		Debug|Any CPU = Debug|Any CPU
		Release|Any CPU = Release|Any CPU
	EndGlobalSection
	GlobalSection(ProjectConfigurationPlatforms) = postSolution
		{253F871B-6489-4423-A487-F334DC31D78A}.Debug|Any CPU.ActiveCfg = Debug|Any CPU
		{253F871B-6489-4423-A487-F334DC31D78A}.Debug|Any CPU.Build.0 = Debug|Any CPU
		{253F871B-6489-4423-A487-F334DC31D78A}.Release|Any CPU.ActiveCfg = Release|Any CPU
		{253F871B-6489-4423-A487-F334DC31D78A}.Release|Any CPU.Build.0 = Release|Any CPU
		{2F20CF35-5E0C-47F1-88B3-23E9902768EC}.Debug|Any CPU.ActiveCfg = Debug|Any CPU
		{2F20CF35-5E0C-47F1-88B3-23E9902768EC}.Debug|Any CPU.Build.0 = Debug|Any CPU
		{2F20CF35-5E0C-47F1-88B3-23E9902768EC}.Release|Any CPU.ActiveCfg = Release|Any CPU
		{2F20CF35-5E0C-47F1-88B3-23E9902768EC}.Release|Any CPU.Build.0 = Release|Any CPU
	EndGlobalSection
	GlobalSection(SolutionProperties) = preSolution
		HideSolutionNode = FALSE
	EndGlobalSection
	GlobalSection(ExtensibilityGlobals) = postSolution
		SolutionGuid = {D1971ED2-3064-467E-BD85-F9D68A24D92C}
	EndGlobalSection
EndGlobal
